
Microsoft Visual Studio Solution File, Format Version 12.00
# Visual Studio Version 17
VisualStudioVersion = 17.7.34031.279
MinimumVisualStudioVersion = 10.0.40219.1
Project("{FAE04EC0-301F-11D3-BF4B-00C04F79EFBC}") = "Week4Practice1", "Week4Practice1\Week4Practice1.csproj", "{4004E4F4-D39C-4168-8776-13D5311A36AA}"
EndProject
Global
	GlobalSection(SolutionConfigurationPlatforms) = preSolution
		Debug|Any CPU = Debug|Any CPU
		Release|Any CPU = Release|Any CPU
	EndGlobalSection
	GlobalSection(ProjectConfigurationPlatforms) = postSolution
		{4004E4F4-D39C-4168-8776-13D5311A36AA}.Debug|Any CPU.ActiveCfg = Debug|Any CPU
		{4004E4F4-D39C-4168-8776-13D5311A36AA}.Debug|Any CPU.Build.0 = Debug|Any CPU
		{4004E4F4-D39C-4168-8776-13D5311A36AA}.Release|Any CPU.ActiveCfg = Release|Any CPU
		{4004E4F4-D39C-4168-8776-13D5311A36AA}.Release|Any CPU.Build.0 = Release|Any CPU
	EndGlobalSection
	GlobalSection(SolutionProperties) = preSolution
		HideSolutionNode = FALSE
	EndGlobalSection
	GlobalSection(ExtensibilityGlobals) = postSolution
		SolutionGuid = {FC97D706-E4E9-4062-98D3-1A946E6B112F}
	EndGlobalSection
EndGlobal
